
Microsoft Visual Studio Solution File, Format Version 12.00
# Visual Studio Version 16
VisualStudioVersion = 16.0.29613.14
MinimumVisualStudioVersion = 10.0.40219.1
Project("{8BC9CEB8-8B4A-11D0-8D11-00A0C91BC942}") = "TStack_array", "TStack_array\TStack_array.vcxproj", "{80F3513A-D143-4893-B86A-EF35D3C0A36E}"
EndProject
Project("{2150E333-8FDC-42A3-9474-1A3956D46DE8}") = "Documentation", "Documentation", "{388BCED9-7363-474A-A0DE-436DB3603438}"
	ProjectSection(SolutionItems) = preProject
		doc\cv02_zadani_TStack.md = doc\cv02_zadani_TStack.md
		Doxyfile = Doxyfile
		doc\extra_stylesheet.css = doc\extra_stylesheet.css
		doc\project_logo.png = doc\project_logo.png
	EndProjectSection
EndProject
Global
	GlobalSection(SolutionConfigurationPlatforms) = preSolution
		Debug|x64 = Debug|x64
		Debug|x86 = Debug|x86
		Release|x64 = Release|x64
		Release|x86 = Release|x86
	EndGlobalSection
	GlobalSection(ProjectConfigurationPlatforms) = postSolution
		{80F3513A-D143-4893-B86A-EF35D3C0A36E}.Debug|x64.ActiveCfg = Debug|x64
		{80F3513A-D143-4893-B86A-EF35D3C0A36E}.Debug|x64.Build.0 = Debug|x64
		{80F3513A-D143-4893-B86A-EF35D3C0A36E}.Debug|x86.ActiveCfg = Debug|Win32
		{80F3513A-D143-4893-B86A-EF35D3C0A36E}.Debug|x86.Build.0 = Debug|Win32
		{80F3513A-D143-4893-B86A-EF35D3C0A36E}.Release|x64.ActiveCfg = Release|x64
		{80F3513A-D143-4893-B86A-EF35D3C0A36E}.Release|x64.Build.0 = Release|x64
		{80F3513A-D143-4893-B86A-EF35D3C0A36E}.Release|x86.ActiveCfg = Release|Win32
		{80F3513A-D143-4893-B86A-EF35D3C0A36E}.Release|x86.Build.0 = Release|Win32
	EndGlobalSection
	GlobalSection(SolutionProperties) = preSolution
		HideSolutionNode = FALSE
	EndGlobalSection
	GlobalSection(ExtensibilityGlobals) = postSolution
		SolutionGuid = {8DBDF648-FFE4-4140-A131-8530B3BBC261}
	EndGlobalSection
EndGlobal
