// !$*UTF8*$!
{
	archiveVersion = 1;
	classes = {
	};
	objectVersion = 50;
	objects = {

/* Begin PBXBuildFile section */
		E405906725D99370009B39BD /* main.c in Sources */ = {isa = PBXBuildFile; fileRef = E405906525D9936F009B39BD /* main.c */; };
		E405906825D99370009B39BD /* TStack.c in Sources */ = {isa = PBXBuildFile; fileRef = E405906625D9936F009B39BD /* TStack.c */; };
/* End PBXBuildFile section */

/* Begin PBXCopyFilesBuildPhase section */
		E4D33EAD25D98D8400BCD741 /* CopyFiles */ = {
			isa = PBXCopyFilesBuildPhase;
			buildActionMask = 2147483647;
			dstPath = /usr/share/man/man1/;
			dstSubfolderSpec = 0;
			files = (
			);
			runOnlyForDeploymentPostprocessing = 1;
		};
/* End PBXCopyFilesBuildPhase section */

/* Begin PBXFileReference section */
		E405906125D99353009B39BD /* Doxyfile */ = {isa = PBXFileReference; fileEncoding = 4; lastKnownFileType = text; name = Doxyfile; path = ../Doxyfile; sourceTree = "<group>"; };
		E405906225D99353009B39BD /* project_logo.png */ = {isa = PBXFileReference; lastKnownFileType = image.png; name = project_logo.png; path = ../doc/project_logo.png; sourceTree = "<group>"; };
		E405906325D99353009B39BD /* cv02_zadani_TStack.md */ = {isa = PBXFileReference; fileEncoding = 4; lastKnownFileType = net.daringfireball.markdown; name = cv02_zadani_TStack.md; path = ../doc/cv02_zadani_TStack.md; sourceTree = "<group>"; };
		E405906425D99365009B39BD /* TStack.h */ = {isa = PBXFileReference; fileEncoding = 4; lastKnownFileType = sourcecode.c.h; path = TStack.h; sourceTree = "<group>"; };
		E405906525D9936F009B39BD /* main.c */ = {isa = PBXFileReference; fileEncoding = 4; lastKnownFileType = sourcecode.c.c; path = main.c; sourceTree = "<group>"; };
		E405906625D9936F009B39BD /* TStack.c */ = {isa = PBXFileReference; fileEncoding = 4; lastKnownFileType = sourcecode.c.c; path = TStack.c; sourceTree = "<group>"; };
		E424D54A299622CC0026EC38 /* extra_stylesheet.css */ = {isa = PBXFileReference; lastKnownFileType = text.css; name = extra_stylesheet.css; path = doc/extra_stylesheet.css; sourceTree = SOURCE_ROOT; };
		E4D33EAF25D98D8400BCD741 /* TStack_array */ = {isa = PBXFileReference; explicitFileType = "compiled.mach-o.executable"; includeInIndex = 0; path = TStack_array; sourceTree = BUILT_PRODUCTS_DIR; };
/* End PBXFileReference section */

/* Begin PBXFrameworksBuildPhase section */
		E4D33EAC25D98D8400BCD741 /* Frameworks */ = {
			isa = PBXFrameworksBuildPhase;
			buildActionMask = 2147483647;
			files = (
			);
			runOnlyForDeploymentPostprocessing = 0;
		};
/* End PBXFrameworksBuildPhase section */

/* Begin PBXGroup section */
		E405905D25D992E9009B39BD /* Documentation */ = {
			isa = PBXGroup;
			children = (
				E405906325D99353009B39BD /* cv02_zadani_TStack.md */,
				E424D54A299622CC0026EC38 /* extra_stylesheet.css */,
				E405906125D99353009B39BD /* Doxyfile */,
				E405906225D99353009B39BD /* project_logo.png */,
			);
			name = Documentation;
			path = TStack_array;
			sourceTree = "<group>";
		};
		E405905E25D992F7009B39BD /* Resource Files */ = {
			isa = PBXGroup;
			children = (
			);
			name = "Resource Files";
			sourceTree = "<group>";
		};
		E405905F25D9931D009B39BD /* Header Files */ = {
			isa = PBXGroup;
			children = (
				E405906425D99365009B39BD /* TStack.h */,
			);
			name = "Header Files";
			sourceTree = "<group>";
		};
		E405906025D9932B009B39BD /* Source Files */ = {
			isa = PBXGroup;
			children = (
				E405906525D9936F009B39BD /* main.c */,
				E405906625D9936F009B39BD /* TStack.c */,
			);
			name = "Source Files";
			sourceTree = "<group>";
		};
		E4D33EA625D98D8400BCD741 = {
			isa = PBXGroup;
			children = (
				E405905D25D992E9009B39BD /* Documentation */,
				E4D33EB125D98D8400BCD741 /* TStack_array */,
				E4D33EB025D98D8400BCD741 /* Products */,
			);
			sourceTree = "<group>";
		};
		E4D33EB025D98D8400BCD741 /* Products */ = {
			isa = PBXGroup;
			children = (
				E4D33EAF25D98D8400BCD741 /* TStack_array */,
			);
			name = Products;
			sourceTree = "<group>";
		};
		E4D33EB125D98D8400BCD741 /* TStack_array */ = {
			isa = PBXGroup;
			children = (
				E405905E25D992F7009B39BD /* Resource Files */,
				E405905F25D9931D009B39BD /* Header Files */,
				E405906025D9932B009B39BD /* Source Files */,
			);
			path = TStack_array;
			sourceTree = "<group>";
		};
/* End PBXGroup section */

/* Begin PBXNativeTarget section */
		E4D33EAE25D98D8400BCD741 /* TStack_array */ = {
			isa = PBXNativeTarget;
			buildConfigurationList = E4D33EB625D98D8400BCD741 /* Build configuration list for PBXNativeTarget "TStack_array" */;
			buildPhases = (
				E4D33EAB25D98D8400BCD741 /* Sources */,
				E4D33EAC25D98D8400BCD741 /* Frameworks */,
				E4D33EAD25D98D8400BCD741 /* CopyFiles */,
			);
			buildRules = (
			);
			dependencies = (
			);
			name = TStack_array;
			productName = TStack_array;
			productReference = E4D33EAF25D98D8400BCD741 /* TStack_array */;
			productType = "com.apple.product-type.tool";
		};
/* End PBXNativeTarget section */

/* Begin PBXProject section */
		E4D33EA725D98D8400BCD741 /* Project object */ = {
			isa = PBXProject;
			attributes = {
				LastUpgradeCheck = 1420;
				TargetAttributes = {
					E4D33EAE25D98D8400BCD741 = {
						CreatedOnToolsVersion = 12.4;
					};
				};
			};
			buildConfigurationList = E4D33EAA25D98D8400BCD741 /* Build configuration list for PBXProject "TStack_array" */;
			compatibilityVersion = "Xcode 9.3";
			developmentRegion = en;
			hasScannedForEncodings = 0;
			knownRegions = (
				en,
				Base,
			);
			mainGroup = E4D33EA625D98D8400BCD741;
			productRefGroup = E4D33EB025D98D8400BCD741 /* Products */;
			projectDirPath = "";
			projectRoot = "";
			targets = (
				E4D33EAE25D98D8400BCD741 /* TStack_array */,
			);
		};
/* End PBXProject section */

/* Begin PBXSourcesBuildPhase section */
		E4D33EAB25D98D8400BCD741 /* Sources */ = {
			isa = PBXSourcesBuildPhase;
			buildActionMask = 2147483647;
			files = (
				E405906725D99370009B39BD /* main.c in Sources */,
				E405906825D99370009B39BD /* TStack.c in Sources */,
			);
			runOnlyForDeploymentPostprocessing = 0;
		};
/* End PBXSourcesBuildPhase section */

/* Begin XCBuildConfiguration section */
		E4D33EB425D98D8400BCD741 /* Debug */ = {
			isa = XCBuildConfiguration;
			buildSettings = {
				ALWAYS_SEARCH_USER_PATHS = NO;
				CLANG_ANALYZER_NONNULL = YES;
				CLANG_ANALYZER_NUMBER_OBJECT_CONVERSION = YES_AGGRESSIVE;
				CLANG_CXX_LANGUAGE_STANDARD = "gnu++14";
				CLANG_CXX_LIBRARY = "libc++";
				CLANG_ENABLE_MODULES = YES;
				CLANG_ENABLE_OBJC_ARC = YES;
				CLANG_ENABLE_OBJC_WEAK = YES;
				CLANG_WARN_BLOCK_CAPTURE_AUTORELEASING = YES;
				CLANG_WARN_BOOL_CONVERSION = YES;
				CLANG_WARN_COMMA = YES;
				CLANG_WARN_CONSTANT_CONVERSION = YES;
				CLANG_WARN_DEPRECATED_OBJC_IMPLEMENTATIONS = YES;
				CLANG_WARN_DIRECT_OBJC_ISA_USAGE = YES_ERROR;
				CLANG_WARN_DOCUMENTATION_COMMENTS = YES;
				CLANG_WARN_EMPTY_BODY = YES;
				CLANG_WARN_ENUM_CONVERSION = YES;
				CLANG_WARN_INFINITE_RECURSION = YES;
				CLANG_WARN_INT_CONVERSION = YES;
				CLANG_WARN_NON_LITERAL_NULL_CONVERSION = YES;
				CLANG_WARN_OBJC_IMPLICIT_RETAIN_SELF = YES;
				CLANG_WARN_OBJC_LITERAL_CONVERSION = YES;
				CLANG_WARN_OBJC_ROOT_CLASS = YES_ERROR;
				CLANG_WARN_QUOTED_INCLUDE_IN_FRAMEWORK_HEADER = YES;
				CLANG_WARN_RANGE_LOOP_ANALYSIS = YES;
				CLANG_WARN_STRICT_PROTOTYPES = YES;
				CLANG_WARN_SUSPICIOUS_MOVE = YES;
				CLANG_WARN_UNGUARDED_AVAILABILITY = YES_AGGRESSIVE;
				CLANG_WARN_UNREACHABLE_CODE = YES;
				CLANG_WARN__DUPLICATE_METHOD_MATCH = YES;
				COPY_PHASE_STRIP = NO;
				DEAD_CODE_STRIPPING = YES;
				DEBUG_INFORMATION_FORMAT = dwarf;
				ENABLE_STRICT_OBJC_MSGSEND = YES;
				ENABLE_TESTABILITY = YES;
				GCC_C_LANGUAGE_STANDARD = gnu11;
				GCC_DYNAMIC_NO_PIC = NO;
				GCC_NO_COMMON_BLOCKS = YES;
				GCC_OPTIMIZATION_LEVEL = 0;
				GCC_PREPROCESSOR_DEFINITIONS = (
					"DEBUG=1",
					"$(inherited)",
				);
				GCC_WARN_64_TO_32_BIT_CONVERSION = YES;
				GCC_WARN_ABOUT_RETURN_TYPE = YES_ERROR;
				GCC_WARN_UNDECLARED_SELECTOR = YES;
				GCC_WARN_UNINITIALIZED_AUTOS = YES_AGGRESSIVE;
				GCC_WARN_UNUSED_FUNCTION = YES;
				GCC_WARN_UNUSED_VARIABLE = YES;
				MACOSX_DEPLOYMENT_TARGET = 11.1;
				MTL_ENABLE_DEBUG_INFO = INCLUDE_SOURCE;
				MTL_FAST_MATH = YES;
				ONLY_ACTIVE_ARCH = YES;
				SDKROOT = macosx;
			};
			name = Debug;
		};
		E4D33EB525D98D8400BCD741 /* Release */ = {
			isa = XCBuildConfiguration;
			buildSettings = {
				ALWAYS_SEARCH_USER_PATHS = NO;
				CLANG_ANALYZER_NONNULL = YES;
				CLANG_ANALYZER_NUMBER_OBJECT_CONVERSION = YES_AGGRESSIVE;
				CLANG_CXX_LANGUAGE_STANDARD = "gnu++14";
				CLANG_CXX_LIBRARY = "libc++";
				CLANG_ENABLE_MODULES = YES;
				CLANG_ENABLE_OBJC_ARC = YES;
				CLANG_ENABLE_OBJC_WEAK = YES;
				CLANG_WARN_BLOCK_CAPTURE_AUTORELEASING = YES;
				CLANG_WARN_BOOL_CONVERSION = YES;
				CLANG_WARN_COMMA = YES;
				CLANG_WARN_CONSTANT_CONVERSION = YES;
				CLANG_WARN_DEPRECATED_OBJC_IMPLEMENTATIONS = YES;
				CLANG_WARN_DIRECT_OBJC_ISA_USAGE = YES_ERROR;
				CLANG_WARN_DOCUMENTATION_COMMENTS = YES;
				CLANG_WARN_EMPTY_BODY = YES;
				CLANG_WARN_ENUM_CONVERSION = YES;
				CLANG_WARN_INFINITE_RECURSION = YES;
				CLANG_WARN_INT_CONVERSION = YES;
				CLANG_WARN_NON_LITERAL_NULL_CONVERSION = YES;
				CLANG_WARN_OBJC_IMPLICIT_RETAIN_SELF = YES;
				CLANG_WARN_OBJC_LITERAL_CONVERSION = YES;
				CLANG_WARN_OBJC_ROOT_CLASS = YES_ERROR;
				CLANG_WARN_QUOTED_INCLUDE_IN_FRAMEWORK_HEADER = YES;
				CLANG_WARN_RANGE_LOOP_ANALYSIS = YES;
				CLANG_WARN_STRICT_PROTOTYPES = YES;
				CLANG_WARN_SUSPICIOUS_MOVE = YES;
				CLANG_WARN_UNGUARDED_AVAILABILITY = YES_AGGRESSIVE;
				CLANG_WARN_UNREACHABLE_CODE = YES;
				CLANG_WARN__DUPLICATE_METHOD_MATCH = YES;
				COPY_PHASE_STRIP = NO;
				DEAD_CODE_STRIPPING = YES;
				DEBUG_INFORMATION_FORMAT = "dwarf-with-dsym";
				ENABLE_NS_ASSERTIONS = NO;
				ENABLE_STRICT_OBJC_MSGSEND = YES;
				GCC_C_LANGUAGE_STANDARD = gnu11;
				GCC_NO_COMMON_BLOCKS = YES;
				GCC_WARN_64_TO_32_BIT_CONVERSION = YES;
				GCC_WARN_ABOUT_RETURN_TYPE = YES_ERROR;
				GCC_WARN_UNDECLARED_SELECTOR = YES;
				GCC_WARN_UNINITIALIZED_AUTOS = YES_AGGRESSIVE;
				GCC_WARN_UNUSED_FUNCTION = YES;
				GCC_WARN_UNUSED_VARIABLE = YES;
				MACOSX_DEPLOYMENT_TARGET = 11.1;
				MTL_ENABLE_DEBUG_INFO = NO;
				MTL_FAST_MATH = YES;
				SDKROOT = macosx;
			};
			name = Release;
		};
		E4D33EB725D98D8400BCD741 /* Debug */ = {
			isa = XCBuildConfiguration;
			buildSettings = {
				CODE_SIGN_IDENTITY = "-";
				CODE_SIGN_STYLE = Automatic;
				DEAD_CODE_STRIPPING = YES;
				PRODUCT_NAME = "$(TARGET_NAME)";
			};
			name = Debug;
		};
		E4D33EB825D98D8400BCD741 /* Release */ = {
			isa = XCBuildConfiguration;
			buildSettings = {
				CODE_SIGN_IDENTITY = "-";
				CODE_SIGN_STYLE = Automatic;
				DEAD_CODE_STRIPPING = YES;
				PRODUCT_NAME = "$(TARGET_NAME)";
			};
			name = Release;
		};
/* End XCBuildConfiguration section */

/* Begin XCConfigurationList section */
		E4D33EAA25D98D8400BCD741 /* Build configuration list for PBXProject "TStack_array" */ = {
			isa = XCConfigurationList;
			buildConfigurations = (
				E4D33EB425D98D8400BCD741 /* Debug */,
				E4D33EB525D98D8400BCD741 /* Release */,
			);
			defaultConfigurationIsVisible = 0;
			defaultConfigurationName = Release;
		};
		E4D33EB625D98D8400BCD741 /* Build configuration list for PBXNativeTarget "TStack_array" */ = {
			isa = XCConfigurationList;
			buildConfigurations = (
				E4D33EB725D98D8400BCD741 /* Debug */,
				E4D33EB825D98D8400BCD741 /* Release */,
			);
			defaultConfigurationIsVisible = 0;
			defaultConfigurationName = Release;
		};
/* End XCConfigurationList section */
	};
	rootObject = E4D33EA725D98D8400BCD741 /* Project object */;
}
